
Microsoft Visual Studio Solution File, Format Version 12.00
# Visual Studio Version 16
VisualStudioVersion = 16.0.31112.23
MinimumVisualStudioVersion = 10.0.40219.1
Project("{9A19103F-16F7-4668-BE54-9A1E7A4F7556}") = "EWBOK_Rookies_Front-End", "EWBOK_Rookies_Front-End\EWBOK_Rookies_Front-End.csproj", "{67DFFD65-411D-4360-A692-59582335353F}"
EndProject
Project("{9A19103F-16F7-4668-BE54-9A1E7A4F7556}") = "SharedVm", "SharedVm\SharedVm.csproj", "{4B5847D0-1CD0-4F27-BDE1-7E885AB237E7}"
EndProject
Project("{9A19103F-16F7-4668-BE54-9A1E7A4F7556}") = "EWBOK_Rookies_Back-End", "EWBOK_Rookies_Back-End\EWBOK_Rookies_Back-End.csproj", "{72AD5AF2-2D40-4111-A810-78E96641FE40}"
EndProject
Project("{9A19103F-16F7-4668-BE54-9A1E7A4F7556}") = "Common", "Common\Common.csproj", "{96E06138-FE60-48B4-A068-FA49190A9BDA}"
EndProject
Project("{9A19103F-16F7-4668-BE54-9A1E7A4F7556}") = "EWBOK_Rookies_Back-End.Test", "EWBOK_Rookies_Back-End.Test\EWBOK_Rookies_Back-End.Test.csproj", "{89CC2251-B8A3-48F8-802F-65EF0412754C}"
EndProject
Global
	GlobalSection(SolutionConfigurationPlatforms) = preSolution
		Debug|Any CPU = Debug|Any CPU
		Release|Any CPU = Release|Any CPU
	EndGlobalSection
	GlobalSection(ProjectConfigurationPlatforms) = postSolution
		{67DFFD65-411D-4360-A692-59582335353F}.Debug|Any CPU.ActiveCfg = Debug|Any CPU
		{67DFFD65-411D-4360-A692-59582335353F}.Debug|Any CPU.Build.0 = Debug|Any CPU
		{67DFFD65-411D-4360-A692-59582335353F}.Release|Any CPU.ActiveCfg = Release|Any CPU
		{67DFFD65-411D-4360-A692-59582335353F}.Release|Any CPU.Build.0 = Release|Any CPU
		{4B5847D0-1CD0-4F27-BDE1-7E885AB237E7}.Debug|Any CPU.ActiveCfg = Debug|Any CPU
		{4B5847D0-1CD0-4F27-BDE1-7E885AB237E7}.Debug|Any CPU.Build.0 = Debug|Any CPU
		{4B5847D0-1CD0-4F27-BDE1-7E885AB237E7}.Release|Any CPU.ActiveCfg = Release|Any CPU
		{4B5847D0-1CD0-4F27-BDE1-7E885AB237E7}.Release|Any CPU.Build.0 = Release|Any CPU
		{72AD5AF2-2D40-4111-A810-78E96641FE40}.Debug|Any CPU.ActiveCfg = Debug|Any CPU
		{72AD5AF2-2D40-4111-A810-78E96641FE40}.Debug|Any CPU.Build.0 = Debug|Any CPU
		{72AD5AF2-2D40-4111-A810-78E96641FE40}.Release|Any CPU.ActiveCfg = Release|Any CPU
		{72AD5AF2-2D40-4111-A810-78E96641FE40}.Release|Any CPU.Build.0 = Release|Any CPU
		{96E06138-FE60-48B4-A068-FA49190A9BDA}.Debug|Any CPU.ActiveCfg = Debug|Any CPU
		{96E06138-FE60-48B4-A068-FA49190A9BDA}.Debug|Any CPU.Build.0 = Debug|Any CPU
		{96E06138-FE60-48B4-A068-FA49190A9BDA}.Release|Any CPU.ActiveCfg = Release|Any CPU
		{96E06138-FE60-48B4-A068-FA49190A9BDA}.Release|Any CPU.Build.0 = Release|Any CPU
		{89CC2251-B8A3-48F8-802F-65EF0412754C}.Debug|Any CPU.ActiveCfg = Debug|Any CPU
		{89CC2251-B8A3-48F8-802F-65EF0412754C}.Debug|Any CPU.Build.0 = Debug|Any CPU
		{89CC2251-B8A3-48F8-802F-65EF0412754C}.Release|Any CPU.ActiveCfg = Release|Any CPU
		{89CC2251-B8A3-48F8-802F-65EF0412754C}.Release|Any CPU.Build.0 = Release|Any CPU
	EndGlobalSection
	GlobalSection(SolutionProperties) = preSolution
		HideSolutionNode = FALSE
	EndGlobalSection
	GlobalSection(ExtensibilityGlobals) = postSolution
		SolutionGuid = {D57939F2-0877-43F4-BECE-38F0E85D8A3C}
	EndGlobalSection
EndGlobal
